# THIS IS AN AUTOGENERATED FILE. DO NOT EDIT THIS FILE DIRECTLY.
# yarn lockfile v1


"@types/cookie@^0.3.3":
  version "0.3.3"
  resolved "https://registry.yarnpkg.com/@types/cookie/-/cookie-0.3.3.tgz#85bc74ba782fb7aa3a514d11767832b0e3bc6803"
  integrity sha512-LKVP3cgXBT9RYj+t+9FDKwS5tdI+rPBXaNSkma7hvqy35lc7mAokC2zsqWJH0LaqIt3B962nuYI77hsJoT1gow==

cookie-universal-nuxt@^2.2.2:
  version "2.2.2"
  resolved "https://registry.yarnpkg.com/cookie-universal-nuxt/-/cookie-universal-nuxt-2.2.2.tgz#107815f03f5b769de7018670d6370368205387bb"
  integrity sha512-Pr6P5UCzl1EAvPh7z7jFkknBw0KTdykm6gFmPHrH4LV9s3flVmAH0ZP/ZqUXcp6b0SKZfizkn+XR1cO+QinGhQ==
  dependencies:
    "@types/cookie" "^0.3.3"
    cookie-universal "^2.2.2"

cookie-universal@^2.2.2:
  version "2.2.2"
  resolved "https://registry.yarnpkg.com/cookie-universal/-/cookie-universal-2.2.2.tgz#415a4d67b6f7f0819c4914cd69b8c2f496111d30"
  integrity sha512-nUXF6HH2YKbn8vGcdSzWJhjRkDHbnbekuVu2nsRu00zYsX7o/H3xGJRlPVoM4wX/8cpJYpyi9nDt+boER0Wjug==
  dependencies:
    "@types/cookie" "^0.3.3"
    cookie "^0.4.0"

cookie@^0.4.0:
  version "0.4.2"
  resolved "https://registry.yarnpkg.com/cookie/-/cookie-0.4.2.tgz#0e41f24de5ecf317947c82fc789e06a884824432"
  integrity sha512-aSWTXFzaKWkvHO1Ny/s+ePFpvKsPnjc551iI41v3ny/ow6tBG5Vd+FuqGNhh1LxOmVzOlGUriIlOaokOvhaStA==
